
Microsoft Visual Studio Solution File, Format Version 12.00
# Visual Studio Version 16
VisualStudioVersion = 25.0.1706.0
MinimumVisualStudioVersion = 10.0.40219.1
Project("{FAE04EC0-301F-11D3-BF4B-00C04F79EFBC}") = "FileUploadService", "FileUploadService\FileUploadService.csproj", "{71635A48-F100-47AB-897B-9FAE027F1539}"
EndProject
Project("{FAE04EC0-301F-11D3-BF4B-00C04F79EFBC}") = "SendEmailService", "SendEmailService\SendEmailService.csproj", "{B82618E1-BFEE-485C-B455-FC585F9D638D}"
EndProject
Project("{FAE04EC0-301F-11D3-BF4B-00C04F79EFBC}") = "UniTest", "UniTest\UniTest.csproj", "{CBB66C7F-DE98-4A24-B001-9C59FCF0E793}"
EndProject
Global
	GlobalSection(SolutionConfigurationPlatforms) = preSolution
		Debug|Any CPU = Debug|Any CPU
		Release|Any CPU = Release|Any CPU
	EndGlobalSection
	GlobalSection(ProjectConfigurationPlatforms) = postSolution
		{71635A48-F100-47AB-897B-9FAE027F1539}.Debug|Any CPU.ActiveCfg = Debug|Any CPU
		{71635A48-F100-47AB-897B-9FAE027F1539}.Debug|Any CPU.Build.0 = Debug|Any CPU
		{71635A48-F100-47AB-897B-9FAE027F1539}.Release|Any CPU.ActiveCfg = Release|Any CPU
		{71635A48-F100-47AB-897B-9FAE027F1539}.Release|Any CPU.Build.0 = Release|Any CPU
		{B82618E1-BFEE-485C-B455-FC585F9D638D}.Debug|Any CPU.ActiveCfg = Debug|Any CPU
		{B82618E1-BFEE-485C-B455-FC585F9D638D}.Debug|Any CPU.Build.0 = Debug|Any CPU
		{B82618E1-BFEE-485C-B455-FC585F9D638D}.Release|Any CPU.ActiveCfg = Release|Any CPU
		{B82618E1-BFEE-485C-B455-FC585F9D638D}.Release|Any CPU.Build.0 = Release|Any CPU
		{CBB66C7F-DE98-4A24-B001-9C59FCF0E793}.Debug|Any CPU.ActiveCfg = Debug|Any CPU
		{CBB66C7F-DE98-4A24-B001-9C59FCF0E793}.Debug|Any CPU.Build.0 = Debug|Any CPU
		{CBB66C7F-DE98-4A24-B001-9C59FCF0E793}.Release|Any CPU.ActiveCfg = Release|Any CPU
		{CBB66C7F-DE98-4A24-B001-9C59FCF0E793}.Release|Any CPU.Build.0 = Release|Any CPU
	EndGlobalSection
	GlobalSection(SolutionProperties) = preSolution
		HideSolutionNode = FALSE
	EndGlobalSection
	GlobalSection(ExtensibilityGlobals) = postSolution
		SolutionGuid = {7149D7DF-D8B5-4C98-965D-BED78504F7C1}
	EndGlobalSection
EndGlobal
